{
    "version": 3,
    "terraform_version": "0.11.7",
    "serial": 8,
    "lineage": "d5712f38-2574-c889-6549-35134ee9e5e2",
    "modules": [
        {
            "path": [
                "root"
            ],
            "outputs": {},
            "resources": {
                "azurerm_resource_group.02ResourceGroup": {
                    "type": "azurerm_resource_group",
                    "depends_on": [],
                    "primary": {
                        "id": "/subscriptions/977dadf0-6570-40ff-9e5d-25efc3cfb6cc/resourceGroups/challenge02-rg",
                        "attributes": {
                            "id": "/subscriptions/977dadf0-6570-40ff-9e5d-25efc3cfb6cc/resourceGroups/challenge02-rg",
                            "location": "eastus2",
                            "name": "challenge02-rg",
                            "tags.%": "0"
                        },
                        "meta": {},
                        "tainted": false
                    },
                    "deposed": [],
                    "provider": "provider.azurerm"
                },
                "azurerm_storage_account.mainStorage": {
                    "type": "azurerm_storage_account",
                    "depends_on": [],
                    "primary": {
                        "id": "/subscriptions/977dadf0-6570-40ff-9e5d-25efc3cfb6cc/resourceGroups/challenge02-rg/providers/Microsoft.Storage/storageAccounts/cardinaltfchallenge02",
                        "attributes": {
                            "access_tier": "",
                            "account_encryption_source": "Microsoft.Storage",
                            "account_kind": "Storage",
                            "account_replication_type": "LRS",
                            "account_tier": "Standard",
                            "account_type": "Standard_LRS",
                            "enable_blob_encryption": "true",
                            "enable_file_encryption": "true",
                            "enable_https_traffic_only": "false",
                            "id": "/subscriptions/977dadf0-6570-40ff-9e5d-25efc3cfb6cc/resourceGroups/challenge02-rg/providers/Microsoft.Storage/storageAccounts/cardinaltfchallenge02",
                            "identity.#": "0",
                            "location": "eastus2",
                            "name": "cardinaltfchallenge02",
                            "primary_access_key": "IibNl48y+adQFLozYMbLGWRxw2haa0kqETsq4cdi5e7o/0YpGP6P3sNgRyhU4CutDW4JSQ1S6tasj98pLjjhcw==",
                            "primary_blob_connection_string": "DefaultEndpointsProtocol=https;BlobEndpoint=https://cardinaltfchallenge02.blob.core.windows.net/;AccountName=cardinaltfchallenge02;AccountKey=IibNl48y+adQFLozYMbLGWRxw2haa0kqETsq4cdi5e7o/0YpGP6P3sNgRyhU4CutDW4JSQ1S6tasj98pLjjhcw==",
                            "primary_blob_endpoint": "https://cardinaltfchallenge02.blob.core.windows.net/",
                            "primary_connection_string": "DefaultEndpointsProtocol=https;AccountName=cardinaltfchallenge02;AccountKey=IibNl48y+adQFLozYMbLGWRxw2haa0kqETsq4cdi5e7o/0YpGP6P3sNgRyhU4CutDW4JSQ1S6tasj98pLjjhcw==;EndpointSuffix=core.windows.net",
                            "primary_file_endpoint": "https://cardinaltfchallenge02.file.core.windows.net/",
                            "primary_location": "eastus2",
                            "primary_queue_endpoint": "https://cardinaltfchallenge02.queue.core.windows.net/",
                            "primary_table_endpoint": "https://cardinaltfchallenge02.table.core.windows.net/",
                            "resource_group_name": "challenge02-rg",
                            "secondary_access_key": "stwUAB0G52zmRj2bvZSJEpALHzVUv2W2Cldu57QB8AUoslZbepnKa21BPMNRPjS6RkDJp+CMtwf9Gj65uL7Bsg==",
                            "secondary_connection_string": "DefaultEndpointsProtocol=https;AccountName=cardinaltfchallenge02;AccountKey=stwUAB0G52zmRj2bvZSJEpALHzVUv2W2Cldu57QB8AUoslZbepnKa21BPMNRPjS6RkDJp+CMtwf9Gj65uL7Bsg==;EndpointSuffix=core.windows.net",
                            "secondary_location": "",
                            "tags.%": "0"
                        },
                        "meta": {
                            "schema_version": "2"
                        },
                        "tainted": false
                    },
                    "deposed": [],
                    "provider": "provider.azurerm"
                }
            },
            "depends_on": []
        }
    ]
}
